
Microsoft Visual Studio Solution File, Format Version 12.00
# Visual Studio 15
VisualStudioVersion = 15.0.27130.2024
MinimumVisualStudioVersion = 10.0.40219.1
Project("{FAE04EC0-301F-11D3-BF4B-00C04F79EFBC}") = "Lab3", "Lab3\Lab3.csproj", "{03164413-7AA6-4E96-A92C-A6DAE27592A1}"
EndProject
Global
	GlobalSection(SolutionConfigurationPlatforms) = preSolution
		Debug|Any CPU = Debug|Any CPU
		Release|Any CPU = Release|Any CPU
	EndGlobalSection
	GlobalSection(ProjectConfigurationPlatforms) = postSolution
		{03164413-7AA6-4E96-A92C-A6DAE27592A1}.Debug|Any CPU.ActiveCfg = Debug|Any CPU
		{03164413-7AA6-4E96-A92C-A6DAE27592A1}.Debug|Any CPU.Build.0 = Debug|Any CPU
		{03164413-7AA6-4E96-A92C-A6DAE27592A1}.Release|Any CPU.ActiveCfg = Release|Any CPU
		{03164413-7AA6-4E96-A92C-A6DAE27592A1}.Release|Any CPU.Build.0 = Release|Any CPU
	EndGlobalSection
	GlobalSection(SolutionProperties) = preSolution
		HideSolutionNode = FALSE
	EndGlobalSection
	GlobalSection(ExtensibilityGlobals) = postSolution
		SolutionGuid = {30F984A3-0979-4607-9E82-6FF190EB55E2}
	EndGlobalSection
EndGlobal
